
Microsoft Visual Studio Solution File, Format Version 12.00
# Visual Studio Version 16
VisualStudioVersion = 16.0.31911.196
MinimumVisualStudioVersion = 10.0.40219.1
Project("{FAE04EC0-301F-11D3-BF4B-00C04F79EFBC}") = "CacheConverters", "CacheConverters\CacheConverters.csproj", "{B8E1D2F3-2A68-4775-BA31-0252A4E2426E}"
EndProject
Global
	GlobalSection(SolutionConfigurationPlatforms) = preSolution
		Debug|Any CPU = Debug|Any CPU
		Release|Any CPU = Release|Any CPU
	EndGlobalSection
	GlobalSection(ProjectConfigurationPlatforms) = postSolution
		{B8E1D2F3-2A68-4775-BA31-0252A4E2426E}.Debug|Any CPU.ActiveCfg = Debug|Any CPU
		{B8E1D2F3-2A68-4775-BA31-0252A4E2426E}.Debug|Any CPU.Build.0 = Debug|Any CPU
		{B8E1D2F3-2A68-4775-BA31-0252A4E2426E}.Release|Any CPU.ActiveCfg = Release|Any CPU
		{B8E1D2F3-2A68-4775-BA31-0252A4E2426E}.Release|Any CPU.Build.0 = Release|Any CPU
	EndGlobalSection
	GlobalSection(SolutionProperties) = preSolution
		HideSolutionNode = FALSE
	EndGlobalSection
	GlobalSection(ExtensibilityGlobals) = postSolution
		SolutionGuid = {A343AD1A-E474-4B40-AE4A-F69C6883A90E}
	EndGlobalSection
EndGlobal
